
Microsoft Visual Studio Solution File, Format Version 12.00
# Visual Studio Version 16
VisualStudioVersion = 16.0.32413.511
MinimumVisualStudioVersion = 10.0.40219.1
Project("{9A19103F-16F7-4668-BE54-9A1E7A4F7556}") = "Sender.UniOne.Test", "UniOne.Test\Sender.UniOne.Test.csproj", "{4D9AF6F3-502D-4035-ADE5-63BDD1A45879}"
EndProject
Project("{9A19103F-16F7-4668-BE54-9A1E7A4F7556}") = "Sender.UniOne.ApiClient", "UniOne.ApiClient\Sender.UniOne.ApiClient.csproj", "{4463C5B4-9191-4B6C-AF13-87763F555C81}"
EndProject
Global
	GlobalSection(SolutionConfigurationPlatforms) = preSolution
		Debug|Any CPU = Debug|Any CPU
		Release|Any CPU = Release|Any CPU
	EndGlobalSection
	GlobalSection(ProjectConfigurationPlatforms) = postSolution
		{4D9AF6F3-502D-4035-ADE5-63BDD1A45879}.Debug|Any CPU.ActiveCfg = Debug|Any CPU
		{4D9AF6F3-502D-4035-ADE5-63BDD1A45879}.Debug|Any CPU.Build.0 = Debug|Any CPU
		{4D9AF6F3-502D-4035-ADE5-63BDD1A45879}.Release|Any CPU.ActiveCfg = Release|Any CPU
		{4D9AF6F3-502D-4035-ADE5-63BDD1A45879}.Release|Any CPU.Build.0 = Release|Any CPU
		{4463C5B4-9191-4B6C-AF13-87763F555C81}.Debug|Any CPU.ActiveCfg = Debug|Any CPU
		{4463C5B4-9191-4B6C-AF13-87763F555C81}.Debug|Any CPU.Build.0 = Debug|Any CPU
		{4463C5B4-9191-4B6C-AF13-87763F555C81}.Release|Any CPU.ActiveCfg = Release|Any CPU
		{4463C5B4-9191-4B6C-AF13-87763F555C81}.Release|Any CPU.Build.0 = Release|Any CPU
	EndGlobalSection
	GlobalSection(SolutionProperties) = preSolution
		HideSolutionNode = FALSE
	EndGlobalSection
	GlobalSection(ExtensibilityGlobals) = postSolution
		SolutionGuid = {A185AF38-A550-4E4C-AED7-A88A7D8B0515}
	EndGlobalSection
EndGlobal
